
Microsoft Visual Studio Solution File, Format Version 12.00
# Visual Studio Version 17
VisualStudioVersion = 17.14.36127.28 d17.14
MinimumVisualStudioVersion = 10.0.40219.1
Project("{FAE04EC0-301F-11D3-BF4B-00C04F79EFBC}") = "AspNetCoreWebAPIRepositoryPattern", "AspNetCoreWebAPIRepositoryPattern\AspNetCoreWebAPIRepositoryPattern.csproj", "{DB6B4506-4761-95A9-6AEB-3D58F0685776}"
EndProject
Global
	GlobalSection(SolutionConfigurationPlatforms) = preSolution
		Debug|Any CPU = Debug|Any CPU
		Release|Any CPU = Release|Any CPU
	EndGlobalSection
	GlobalSection(ProjectConfigurationPlatforms) = postSolution
		{DB6B4506-4761-95A9-6AEB-3D58F0685776}.Debug|Any CPU.ActiveCfg = Debug|Any CPU
		{DB6B4506-4761-95A9-6AEB-3D58F0685776}.Debug|Any CPU.Build.0 = Debug|Any CPU
		{DB6B4506-4761-95A9-6AEB-3D58F0685776}.Release|Any CPU.ActiveCfg = Release|Any CPU
		{DB6B4506-4761-95A9-6AEB-3D58F0685776}.Release|Any CPU.Build.0 = Release|Any CPU
	EndGlobalSection
	GlobalSection(SolutionProperties) = preSolution
		HideSolutionNode = FALSE
	EndGlobalSection
	GlobalSection(ExtensibilityGlobals) = postSolution
		SolutionGuid = {B91DB71A-D9D6-4C45-9F4D-068C5F7D27A9}
	EndGlobalSection
EndGlobal
